// !$*UTF8*$!
{
	archiveVersion = 1;
	classes = {
	};
	objectVersion = 46;
	objects = {

/* Begin PBXBuildFile section */
		C15E5E9C1EF0302900866FAE /* ColoresStruct.swift in Sources */ = {isa = PBXBuildFile; fileRef = C15E5E9B1EF0302900866FAE /* ColoresStruct.swift */; };
		C17C0D3C1EE90206009FAFB6 /* AppDelegate.swift in Sources */ = {isa = PBXBuildFile; fileRef = C17C0D3B1EE90206009FAFB6 /* AppDelegate.swift */; };
		C17C0D3E1EE90206009FAFB6 /* ViewController.swift in Sources */ = {isa = PBXBuildFile; fileRef = C17C0D3D1EE90206009FAFB6 /* ViewController.swift */; };
		C17C0D411EE90206009FAFB6 /* Main.storyboard in Resources */ = {isa = PBXBuildFile; fileRef = C17C0D3F1EE90206009FAFB6 /* Main.storyboard */; };
		C17C0D431EE90206009FAFB6 /* Assets.xcassets in Resources */ = {isa = PBXBuildFile; fileRef = C17C0D421EE90206009FAFB6 /* Assets.xcassets */; };
		C17C0D461EE90206009FAFB6 /* LaunchScreen.storyboard in Resources */ = {isa = PBXBuildFile; fileRef = C17C0D441EE90206009FAFB6 /* LaunchScreen.storyboard */; };
		C17C0D4E1EE902C3009FAFB6 /* Datos.swift in Sources */ = {isa = PBXBuildFile; fileRef = C17C0D4D1EE902C3009FAFB6 /* Datos.swift */; };
/* End PBXBuildFile section */

/* Begin PBXFileReference section */
		C15E5E9B1EF0302900866FAE /* ColoresStruct.swift */ = {isa = PBXFileReference; fileEncoding = 4; lastKnownFileType = sourcecode.swift; path = ColoresStruct.swift; sourceTree = "<group>"; };
		C17C0D381EE90206009FAFB6 /* Hamburguesas.app */ = {isa = PBXFileReference; explicitFileType = wrapper.application; includeInIndex = 0; path = Hamburguesas.app; sourceTree = BUILT_PRODUCTS_DIR; };
		C17C0D3B1EE90206009FAFB6 /* AppDelegate.swift */ = {isa = PBXFileReference; lastKnownFileType = sourcecode.swift; path = AppDelegate.swift; sourceTree = "<group>"; };
		C17C0D3D1EE90206009FAFB6 /* ViewController.swift */ = {isa = PBXFileReference; lastKnownFileType = sourcecode.swift; path = ViewController.swift; sourceTree = "<group>"; };
		C17C0D401EE90206009FAFB6 /* Base */ = {isa = PBXFileReference; lastKnownFileType = file.storyboard; name = Base; path = Base.lproj/Main.storyboard; sourceTree = "<group>"; };
		C17C0D421EE90206009FAFB6 /* Assets.xcassets */ = {isa = PBXFileReference; lastKnownFileType = folder.assetcatalog; path = Assets.xcassets; sourceTree = "<group>"; };
		C17C0D451EE90206009FAFB6 /* Base */ = {isa = PBXFileReference; lastKnownFileType = file.storyboard; name = Base; path = Base.lproj/LaunchScreen.storyboard; sourceTree = "<group>"; };
		C17C0D471EE90206009FAFB6 /* Info.plist */ = {isa = PBXFileReference; lastKnownFileType = text.plist.xml; path = Info.plist; sourceTree = "<group>"; };
		C17C0D4D1EE902C3009FAFB6 /* Datos.swift */ = {isa = PBXFileReference; fileEncoding = 4; lastKnownFileType = sourcecode.swift; path = Datos.swift; sourceTree = "<group>"; };
/* End PBXFileReference section */

/* Begin PBXFrameworksBuildPhase section */
		C17C0D351EE90206009FAFB6 /* Frameworks */ = {
			isa = PBXFrameworksBuildPhase;
			buildActionMask = 2147483647;
			files = (
			);
			runOnlyForDeploymentPostprocessing = 0;
		};
/* End PBXFrameworksBuildPhase section */

/* Begin PBXGroup section */
		C17C0D2F1EE90206009FAFB6 = {
			isa = PBXGroup;
			children = (
				C17C0D3A1EE90206009FAFB6 /* Hamburguesas */,
				C17C0D391EE90206009FAFB6 /* Products */,
			);
			sourceTree = "<group>";
		};
		C17C0D391EE90206009FAFB6 /* Products */ = {
			isa = PBXGroup;
			children = (
				C17C0D381EE90206009FAFB6 /* Hamburguesas.app */,
			);
			name = Products;
			sourceTree = "<group>";
		};
		C17C0D3A1EE90206009FAFB6 /* Hamburguesas */ = {
			isa = PBXGroup;
			children = (
				C17C0D3B1EE90206009FAFB6 /* AppDelegate.swift */,
				C17C0D3D1EE90206009FAFB6 /* ViewController.swift */,
				C17C0D3F1EE90206009FAFB6 /* Main.storyboard */,
				C17C0D421EE90206009FAFB6 /* Assets.xcassets */,
				C17C0D441EE90206009FAFB6 /* LaunchScreen.storyboard */,
				C17C0D471EE90206009FAFB6 /* Info.plist */,
				C17C0D4D1EE902C3009FAFB6 /* Datos.swift */,
				C15E5E9B1EF0302900866FAE /* ColoresStruct.swift */,
			);
			path = Hamburguesas;
			sourceTree = "<group>";
		};
/* End PBXGroup section */

/* Begin PBXNativeTarget section */
		C17C0D371EE90206009FAFB6 /* Hamburguesas */ = {
			isa = PBXNativeTarget;
			buildConfigurationList = C17C0D4A1EE90206009FAFB6 /* Build configuration list for PBXNativeTarget "Hamburguesas" */;
			buildPhases = (
				C17C0D341EE90206009FAFB6 /* Sources */,
				C17C0D351EE90206009FAFB6 /* Frameworks */,
				C17C0D361EE90206009FAFB6 /* Resources */,
			);
			buildRules = (
			);
			dependencies = (
			);
			name = Hamburguesas;
			productName = Hamburguesas;
			productReference = C17C0D381EE90206009FAFB6 /* Hamburguesas.app */;
			productType = "com.apple.product-type.application";
		};
/* End PBXNativeTarget section */

/* Begin PBXProject section */
		C17C0D301EE90206009FAFB6 /* Project object */ = {
			isa = PBXProject;
			attributes = {
				LastSwiftUpdateCheck = 0830;
				LastUpgradeCheck = 0830;
				ORGANIZATIONNAME = TriquiDev;
				TargetAttributes = {
					C17C0D371EE90206009FAFB6 = {
						CreatedOnToolsVersion = 8.3.3;
						ProvisioningStyle = Automatic;
					};
				};
			};
			buildConfigurationList = C17C0D331EE90206009FAFB6 /* Build configuration list for PBXProject "Hamburguesas" */;
			compatibilityVersion = "Xcode 3.2";
			developmentRegion = English;
			hasScannedForEncodings = 0;
			knownRegions = (
				en,
				Base,
			);
			mainGroup = C17C0D2F1EE90206009FAFB6;
			productRefGroup = C17C0D391EE90206009FAFB6 /* Products */;
			projectDirPath = "";
			projectRoot = "";
			targets = (
				C17C0D371EE90206009FAFB6 /* Hamburguesas */,
			);
		};
/* End PBXProject section */

/* Begin PBXResourcesBuildPhase section */
		C17C0D361EE90206009FAFB6 /* Resources */ = {
			isa = PBXResourcesBuildPhase;
			buildActionMask = 2147483647;
			files = (
				C17C0D461EE90206009FAFB6 /* LaunchScreen.storyboard in Resources */,
				C17C0D431EE90206009FAFB6 /* Assets.xcassets in Resources */,
				C17C0D411EE90206009FAFB6 /* Main.storyboard in Resources */,
			);
			runOnlyForDeploymentPostprocessing = 0;
		};
/* End PBXResourcesBuildPhase section */

/* Begin PBXSourcesBuildPhase section */
		C17C0D341EE90206009FAFB6 /* Sources */ = {
			isa = PBXSourcesBuildPhase;
			buildActionMask = 2147483647;
			files = (
				C17C0D3E1EE90206009FAFB6 /* ViewController.swift in Sources */,
				C17C0D3C1EE90206009FAFB6 /* AppDelegate.swift in Sources */,
				C15E5E9C1EF0302900866FAE /* ColoresStruct.swift in Sources */,
				C17C0D4E1EE902C3009FAFB6 /* Datos.swift in Sources */,
			);
			runOnlyForDeploymentPostprocessing = 0;
		};
/* End PBXSourcesBuildPhase section */

/* Begin PBXVariantGroup section */
		C17C0D3F1EE90206009FAFB6 /* Main.storyboard */ = {
			isa = PBXVariantGroup;
			children = (
				C17C0D401EE90206009FAFB6 /* Base */,
			);
			name = Main.storyboard;
			sourceTree = "<group>";
		};
		C17C0D441EE90206009FAFB6 /* LaunchScreen.storyboard */ = {
			isa = PBXVariantGroup;
			children = (
				C17C0D451EE90206009FAFB6 /* Base */,
			);
			name = LaunchScreen.storyboard;
			sourceTree = "<group>";
		};
/* End PBXVariantGroup section */

/* Begin XCBuildConfiguration section */
		C17C0D481EE90206009FAFB6 /* Debug */ = {
			isa = XCBuildConfiguration;
			buildSettings = {
				ALWAYS_SEARCH_USER_PATHS = NO;
				CLANG_ANALYZER_NONNULL = YES;
				CLANG_ANALYZER_NUMBER_OBJECT_CONVERSION = YES_AGGRESSIVE;
				CLANG_CXX_LANGUAGE_STANDARD = "gnu++0x";
				CLANG_CXX_LIBRARY = "libc++";
				CLANG_ENABLE_MODULES = YES;
				CLANG_ENABLE_OBJC_ARC = YES;
				CLANG_WARN_BOOL_CONVERSION = YES;
				CLANG_WARN_CONSTANT_CONVERSION = YES;
				CLANG_WARN_DIRECT_OBJC_ISA_USAGE = YES_ERROR;
				CLANG_WARN_DOCUMENTATION_COMMENTS = YES;
				CLANG_WARN_EMPTY_BODY = YES;
				CLANG_WARN_ENUM_CONVERSION = YES;
				CLANG_WARN_INFINITE_RECURSION = YES;
				CLANG_WARN_INT_CONVERSION = YES;
				CLANG_WARN_OBJC_ROOT_CLASS = YES_ERROR;
				CLANG_WARN_SUSPICIOUS_MOVE = YES;
				CLANG_WARN_UNREACHABLE_CODE = YES;
				CLANG_WARN__DUPLICATE_METHOD_MATCH = YES;
				"CODE_SIGN_IDENTITY[sdk=iphoneos*]" = "iPhone Developer";
				COPY_PHASE_STRIP = NO;
				DEBUG_INFORMATION_FORMAT = dwarf;
				ENABLE_STRICT_OBJC_MSGSEND = YES;
				ENABLE_TESTABILITY = YES;
				GCC_C_LANGUAGE_STANDARD = gnu99;
				GCC_DYNAMIC_NO_PIC = NO;
				GCC_NO_COMMON_BLOCKS = YES;
				GCC_OPTIMIZATION_LEVEL = 0;
				GCC_PREPROCESSOR_DEFINITIONS = (
					"DEBUG=1",
					"$(inherited)",
				);
				GCC_WARN_64_TO_32_BIT_CONVERSION = YES;
				GCC_WARN_ABOUT_RETURN_TYPE = YES_ERROR;
				GCC_WARN_UNDECLARED_SELECTOR = YES;
				GCC_WARN_UNINITIALIZED_AUTOS = YES_AGGRESSIVE;
				GCC_WARN_UNUSED_FUNCTION = YES;
				GCC_WARN_UNUSED_VARIABLE = YES;
				IPHONEOS_DEPLOYMENT_TARGET = 10.3;
				MTL_ENABLE_DEBUG_INFO = YES;
				ONLY_ACTIVE_ARCH = YES;
				SDKROOT = iphoneos;
				SWIFT_ACTIVE_COMPILATION_CONDITIONS = DEBUG;
				SWIFT_OPTIMIZATION_LEVEL = "-Onone";
			};
			name = Debug;
		};
		C17C0D491EE90206009FAFB6 /* Release */ = {
			isa = XCBuildConfiguration;
			buildSettings = {
				ALWAYS_SEARCH_USER_PATHS = NO;
				CLANG_ANALYZER_NONNULL = YES;
				CLANG_ANALYZER_NUMBER_OBJECT_CONVERSION = YES_AGGRESSIVE;
				CLANG_CXX_LANGUAGE_STANDARD = "gnu++0x";
				CLANG_CXX_LIBRARY = "libc++";
				CLANG_ENABLE_MODULES = YES;
				CLANG_ENABLE_OBJC_ARC = YES;
				CLANG_WARN_BOOL_CONVERSION = YES;
				CLANG_WARN_CONSTANT_CONVERSION = YES;
				CLANG_WARN_DIRECT_OBJC_ISA_USAGE = YES_ERROR;
				CLANG_WARN_DOCUMENTATION_COMMENTS = YES;
				CLANG_WARN_EMPTY_BODY = YES;
				CLANG_WARN_ENUM_CONVERSION = YES;
				CLANG_WARN_INFINITE_RECURSION = YES;
				CLANG_WARN_INT_CONVERSION = YES;
				CLANG_WARN_OBJC_ROOT_CLASS = YES_ERROR;
				CLANG_WARN_SUSPICIOUS_MOVE = YES;
				CLANG_WARN_UNREACHABLE_CODE = YES;
				CLANG_WARN__DUPLICATE_METHOD_MATCH = YES;
				"CODE_SIGN_IDENTITY[sdk=iphoneos*]" = "iPhone Developer";
				COPY_PHASE_STRIP = NO;
				DEBUG_INFORMATION_FORMAT = "dwarf-with-dsym";
				ENABLE_NS_ASSERTIONS = NO;
				ENABLE_STRICT_OBJC_MSGSEND = YES;
				GCC_C_LANGUAGE_STANDARD = gnu99;
				GCC_NO_COMMON_BLOCKS = YES;
				GCC_WARN_64_TO_32_BIT_CONVERSION = YES;
				GCC_WARN_ABOUT_RETURN_TYPE = YES_ERROR;
				GCC_WARN_UNDECLARED_SELECTOR = YES;
				GCC_WARN_UNINITIALIZED_AUTOS = YES_AGGRESSIVE;
				GCC_WARN_UNUSED_FUNCTION = YES;
				GCC_WARN_UNUSED_VARIABLE = YES;
				IPHONEOS_DEPLOYMENT_TARGET = 10.3;
				MTL_ENABLE_DEBUG_INFO = NO;
				SDKROOT = iphoneos;
				SWIFT_OPTIMIZATION_LEVEL = "-Owholemodule";
				VALIDATE_PRODUCT = YES;
			};
			name = Release;
		};
		C17C0D4B1EE90206009FAFB6 /* Debug */ = {
			isa = XCBuildConfiguration;
			buildSettings = {
				ASSETCATALOG_COMPILER_APPICON_NAME = AppIcon;
				INFOPLIST_FILE = Hamburguesas/Info.plist;
				LD_RUNPATH_SEARCH_PATHS = "$(inherited) @executable_path/Frameworks";
				PRODUCT_BUNDLE_IDENTIFIER = com.triquidev.Hamburguesas;
				PRODUCT_NAME = "$(TARGET_NAME)";
				SWIFT_VERSION = 3.0;
			};
			name = Debug;
		};
		C17C0D4C1EE90206009FAFB6 /* Release */ = {
			isa = XCBuildConfiguration;
			buildSettings = {
				ASSETCATALOG_COMPILER_APPICON_NAME = AppIcon;
				INFOPLIST_FILE = Hamburguesas/Info.plist;
				LD_RUNPATH_SEARCH_PATHS = "$(inherited) @executable_path/Frameworks";
				PRODUCT_BUNDLE_IDENTIFIER = com.triquidev.Hamburguesas;
				PRODUCT_NAME = "$(TARGET_NAME)";
				SWIFT_VERSION = 3.0;
			};
			name = Release;
		};
/* End XCBuildConfiguration section */

/* Begin XCConfigurationList section */
		C17C0D331EE90206009FAFB6 /* Build configuration list for PBXProject "Hamburguesas" */ = {
			isa = XCConfigurationList;
			buildConfigurations = (
				C17C0D481EE90206009FAFB6 /* Debug */,
				C17C0D491EE90206009FAFB6 /* Release */,
			);
			defaultConfigurationIsVisible = 0;
			defaultConfigurationName = Release;
		};
		C17C0D4A1EE90206009FAFB6 /* Build configuration list for PBXNativeTarget "Hamburguesas" */ = {
			isa = XCConfigurationList;
			buildConfigurations = (
				C17C0D4B1EE90206009FAFB6 /* Debug */,
				C17C0D4C1EE90206009FAFB6 /* Release */,
			);
			defaultConfigurationIsVisible = 0;
			defaultConfigurationName = Release;
		};
/* End XCConfigurationList section */
	};
	rootObject = C17C0D301EE90206009FAFB6 /* Project object */;
}
